
Microsoft Visual Studio Solution File, Format Version 12.00
# Visual Studio Version 17
VisualStudioVersion = 17.14.37301.10
MinimumVisualStudioVersion = 10.0.40219.1
Project("{FAE04EC0-301F-11D3-BF4B-00C04F79EFBC}") = "AuctionService", "src\AuctionService\AuctionService.csproj", "{A9472836-87C6-49E0-A92C-20C205BB4EB0}"
EndProject
Project("{FAE04EC0-301F-11D3-BF4B-00C04F79EFBC}") = "SearchService", "src\SearchService\SearchService.csproj", "{CAECBDC5-941B-414B-9E98-486C1E0F5676}"
EndProject
Global
	GlobalSection(SolutionConfigurationPlatforms) = preSolution
		Debug|Any CPU = Debug|Any CPU
		Release|Any CPU = Release|Any CPU
	EndGlobalSection
	GlobalSection(ProjectConfigurationPlatforms) = postSolution
		{A9472836-87C6-49E0-A92C-20C205BB4EB0}.Debug|Any CPU.ActiveCfg = Debug|Any CPU
		{A9472836-87C6-49E0-A92C-20C205BB4EB0}.Debug|Any CPU.Build.0 = Debug|Any CPU
		{A9472836-87C6-49E0-A92C-20C205BB4EB0}.Release|Any CPU.ActiveCfg = Release|Any CPU
		{A9472836-87C6-49E0-A92C-20C205BB4EB0}.Release|Any CPU.Build.0 = Release|Any CPU
		{CAECBDC5-941B-414B-9E98-486C1E0F5676}.Debug|Any CPU.ActiveCfg = Debug|Any CPU
		{CAECBDC5-941B-414B-9E98-486C1E0F5676}.Debug|Any CPU.Build.0 = Debug|Any CPU
		{CAECBDC5-941B-414B-9E98-486C1E0F5676}.Release|Any CPU.ActiveCfg = Release|Any CPU
		{CAECBDC5-941B-414B-9E98-486C1E0F5676}.Release|Any CPU.Build.0 = Release|Any CPU
	EndGlobalSection
	GlobalSection(SolutionProperties) = preSolution
		HideSolutionNode = FALSE
	EndGlobalSection
	GlobalSection(ExtensibilityGlobals) = postSolution
		SolutionGuid = {6B4714B2-062C-4286-8888-8526578C5278}
	EndGlobalSection
EndGlobal
